
Microsoft Visual Studio Solution File, Format Version 12.00
# Visual Studio Version 17
VisualStudioVersion = 17.14.36221.1
MinimumVisualStudioVersion = 10.0.40219.1
Project("{2150E333-8FDC-42A3-9474-1A3956D46DE8}") = "Services", "Services", "{02EA681E-C7D8-13C7-8484-4AC65E1B71E8}"
EndProject
Project("{2150E333-8FDC-42A3-9474-1A3956D46DE8}") = "Catalog", "Catalog", "{C33C8B3F-1F24-4CB5-8610-77FFB70F7474}"
EndProject
Project("{FAE04EC0-301F-11D3-BF4B-00C04F79EFBC}") = "Catalog.API", "src\Services\Catalog\Catalog.API\Catalog.API.csproj", "{0B856F11-25E8-4C2B-8296-680647D2F2CE}"
EndProject
Project("{2150E333-8FDC-42A3-9474-1A3956D46DE8}") = "BuildingBlocks", "BuildingBlocks", "{5FAAA34E-2A5B-43E9-A14F-00AF1E9C18B1}"
EndProject
Project("{FAE04EC0-301F-11D3-BF4B-00C04F79EFBC}") = "BuildingBlocks", "..\src\BuildingBlocks\BuildingBlocks\BuildingBlocks.csproj", "{08E314FE-476C-40C0-B677-248C8A7EC9D3}"
EndProject
Project("{E53339B2-1760-4266-BCC7-CA923CBCF16C}") = "docker-compose", "docker-compose.dcproj", "{81DDED9D-158B-E303-5F62-77A2896D2A5A}"
EndProject
Project("{2150E333-8FDC-42A3-9474-1A3956D46DE8}") = "Basket", "Basket", "{9D1CC2C7-B284-4DE4-9984-B55F76226FFE}"
EndProject
Project("{FAE04EC0-301F-11D3-BF4B-00C04F79EFBC}") = "Basket.API", "src\Services\Basket.API\Basket.API\Basket.API.csproj", "{AA768250-02B8-4A51-8592-18E49F47C1ED}"
EndProject
Project("{2150E333-8FDC-42A3-9474-1A3956D46DE8}") = "Discount", "Discount", "{4065E3D7-C609-458F-80DF-691D8881B0AD}"
EndProject
Project("{FAE04EC0-301F-11D3-BF4B-00C04F79EFBC}") = "Discount.Grpc", "src\Services\Discount\Discount.Grpc\Discount.Grpc.csproj", "{9134D2A8-696E-4CC9-9079-1190782E4DC0}"
EndProject
Global
	GlobalSection(SolutionConfigurationPlatforms) = preSolution
		Debug|Any CPU = Debug|Any CPU
		Release|Any CPU = Release|Any CPU
	EndGlobalSection
	GlobalSection(ProjectConfigurationPlatforms) = postSolution
		{0B856F11-25E8-4C2B-8296-680647D2F2CE}.Debug|Any CPU.ActiveCfg = Debug|Any CPU
		{0B856F11-25E8-4C2B-8296-680647D2F2CE}.Debug|Any CPU.Build.0 = Debug|Any CPU
		{0B856F11-25E8-4C2B-8296-680647D2F2CE}.Release|Any CPU.ActiveCfg = Release|Any CPU
		{0B856F11-25E8-4C2B-8296-680647D2F2CE}.Release|Any CPU.Build.0 = Release|Any CPU
		{08E314FE-476C-40C0-B677-248C8A7EC9D3}.Debug|Any CPU.ActiveCfg = Debug|Any CPU
		{08E314FE-476C-40C0-B677-248C8A7EC9D3}.Debug|Any CPU.Build.0 = Debug|Any CPU
		{08E314FE-476C-40C0-B677-248C8A7EC9D3}.Release|Any CPU.ActiveCfg = Release|Any CPU
		{08E314FE-476C-40C0-B677-248C8A7EC9D3}.Release|Any CPU.Build.0 = Release|Any CPU
		{81DDED9D-158B-E303-5F62-77A2896D2A5A}.Debug|Any CPU.ActiveCfg = Debug|Any CPU
		{81DDED9D-158B-E303-5F62-77A2896D2A5A}.Debug|Any CPU.Build.0 = Debug|Any CPU
		{81DDED9D-158B-E303-5F62-77A2896D2A5A}.Release|Any CPU.ActiveCfg = Release|Any CPU
		{81DDED9D-158B-E303-5F62-77A2896D2A5A}.Release|Any CPU.Build.0 = Release|Any CPU
		{AA768250-02B8-4A51-8592-18E49F47C1ED}.Debug|Any CPU.ActiveCfg = Debug|Any CPU
		{AA768250-02B8-4A51-8592-18E49F47C1ED}.Debug|Any CPU.Build.0 = Debug|Any CPU
		{AA768250-02B8-4A51-8592-18E49F47C1ED}.Release|Any CPU.ActiveCfg = Release|Any CPU
		{AA768250-02B8-4A51-8592-18E49F47C1ED}.Release|Any CPU.Build.0 = Release|Any CPU
		{9134D2A8-696E-4CC9-9079-1190782E4DC0}.Debug|Any CPU.ActiveCfg = Debug|Any CPU
		{9134D2A8-696E-4CC9-9079-1190782E4DC0}.Debug|Any CPU.Build.0 = Debug|Any CPU
		{9134D2A8-696E-4CC9-9079-1190782E4DC0}.Release|Any CPU.ActiveCfg = Release|Any CPU
		{9134D2A8-696E-4CC9-9079-1190782E4DC0}.Release|Any CPU.Build.0 = Release|Any CPU
	EndGlobalSection
	GlobalSection(SolutionProperties) = preSolution
		HideSolutionNode = FALSE
	EndGlobalSection
	GlobalSection(NestedProjects) = preSolution
		{C33C8B3F-1F24-4CB5-8610-77FFB70F7474} = {02EA681E-C7D8-13C7-8484-4AC65E1B71E8}
		{0B856F11-25E8-4C2B-8296-680647D2F2CE} = {C33C8B3F-1F24-4CB5-8610-77FFB70F7474}
		{08E314FE-476C-40C0-B677-248C8A7EC9D3} = {5FAAA34E-2A5B-43E9-A14F-00AF1E9C18B1}
		{9D1CC2C7-B284-4DE4-9984-B55F76226FFE} = {02EA681E-C7D8-13C7-8484-4AC65E1B71E8}
		{AA768250-02B8-4A51-8592-18E49F47C1ED} = {9D1CC2C7-B284-4DE4-9984-B55F76226FFE}
		{4065E3D7-C609-458F-80DF-691D8881B0AD} = {02EA681E-C7D8-13C7-8484-4AC65E1B71E8}
		{9134D2A8-696E-4CC9-9079-1190782E4DC0} = {4065E3D7-C609-458F-80DF-691D8881B0AD}
	EndGlobalSection
	GlobalSection(ExtensibilityGlobals) = postSolution
		SolutionGuid = {36A0FEDF-66EE-4344-A972-BF9FB39305C1}
	EndGlobalSection
EndGlobal
